// !$*UTF8*$!
{
	archiveVersion = 1;
	classes = {
	};
	objectVersion = 55;
	objects = {

/* Begin PBXBuildFile section */
		345A22642858145B00BFDE4E /* WelcomeView.swift in Sources */ = {isa = PBXBuildFile; fileRef = 345A22632858145B00BFDE4E /* WelcomeView.swift */; };
		345A226628581B5500BFDE4E /* LoadingView.swift in Sources */ = {isa = PBXBuildFile; fileRef = 345A226528581B5500BFDE4E /* LoadingView.swift */; };
		345A2268285949C500BFDE4E /* WeatherManager.swift in Sources */ = {isa = PBXBuildFile; fileRef = 345A2267285949C500BFDE4E /* WeatherManager.swift */; };
		345A226A28595F0100BFDE4E /* WeatherView.swift in Sources */ = {isa = PBXBuildFile; fileRef = 345A226928595F0100BFDE4E /* WeatherView.swift */; };
		345A226C28595F9500BFDE4E /* ModelData.swift in Sources */ = {isa = PBXBuildFile; fileRef = 345A226B28595F9500BFDE4E /* ModelData.swift */; };
		345A226E2859608800BFDE4E /* weatherData.json in Resources */ = {isa = PBXBuildFile; fileRef = 345A226D2859608800BFDE4E /* weatherData.json */; };
		3467F6B628580BCE00BF4378 /* LocationManager.swift in Sources */ = {isa = PBXBuildFile; fileRef = 3467F6B528580BCE00BF4378 /* LocationManager.swift */; };
		34DD320428596B1900D32FE5 /* Extensions.swift in Sources */ = {isa = PBXBuildFile; fileRef = 34DD320328596B1900D32FE5 /* Extensions.swift */; };
		D0778CC52857BAAF0083A425 /* newStartApp.swift in Sources */ = {isa = PBXBuildFile; fileRef = D0778CC42857BAAF0083A425 /* newStartApp.swift */; };
		D0778CC72857BAAF0083A425 /* ContentView.swift in Sources */ = {isa = PBXBuildFile; fileRef = D0778CC62857BAAF0083A425 /* ContentView.swift */; };
		D0778CC92857BAB00083A425 /* Assets.xcassets in Resources */ = {isa = PBXBuildFile; fileRef = D0778CC82857BAB00083A425 /* Assets.xcassets */; };
		D0778CCC2857BAB00083A425 /* Preview Assets.xcassets in Resources */ = {isa = PBXBuildFile; fileRef = D0778CCB2857BAB00083A425 /* Preview Assets.xcassets */; };
		D0778CD62857BAB00083A425 /* newStartTests.swift in Sources */ = {isa = PBXBuildFile; fileRef = D0778CD52857BAB00083A425 /* newStartTests.swift */; };
		D0778CE02857BAB00083A425 /* newStartUITests.swift in Sources */ = {isa = PBXBuildFile; fileRef = D0778CDF2857BAB00083A425 /* newStartUITests.swift */; };
		D0778CE22857BAB00083A425 /* newStartUITestsLaunchTests.swift in Sources */ = {isa = PBXBuildFile; fileRef = D0778CE12857BAB00083A425 /* newStartUITestsLaunchTests.swift */; };
/* End PBXBuildFile section */

/* Begin PBXContainerItemProxy section */
		D0778CD22857BAB00083A425 /* PBXContainerItemProxy */ = {
			isa = PBXContainerItemProxy;
			containerPortal = D0778CB92857BAAF0083A425 /* Project object */;
			proxyType = 1;
			remoteGlobalIDString = D0778CC02857BAAF0083A425;
			remoteInfo = newStart;
		};
		D0778CDC2857BAB00083A425 /* PBXContainerItemProxy */ = {
			isa = PBXContainerItemProxy;
			containerPortal = D0778CB92857BAAF0083A425 /* Project object */;
			proxyType = 1;
			remoteGlobalIDString = D0778CC02857BAAF0083A425;
			remoteInfo = newStart;
		};
/* End PBXContainerItemProxy section */

/* Begin PBXFileReference section */
		345A22632858145B00BFDE4E /* WelcomeView.swift */ = {isa = PBXFileReference; lastKnownFileType = sourcecode.swift; path = WelcomeView.swift; sourceTree = "<group>"; };
		345A226528581B5500BFDE4E /* LoadingView.swift */ = {isa = PBXFileReference; lastKnownFileType = sourcecode.swift; path = LoadingView.swift; sourceTree = "<group>"; };
		345A2267285949C500BFDE4E /* WeatherManager.swift */ = {isa = PBXFileReference; lastKnownFileType = sourcecode.swift; path = WeatherManager.swift; sourceTree = "<group>"; };
		345A226928595F0100BFDE4E /* WeatherView.swift */ = {isa = PBXFileReference; lastKnownFileType = sourcecode.swift; path = WeatherView.swift; sourceTree = "<group>"; };
		345A226B28595F9500BFDE4E /* ModelData.swift */ = {isa = PBXFileReference; lastKnownFileType = sourcecode.swift; path = ModelData.swift; sourceTree = "<group>"; };
		345A226D2859608800BFDE4E /* weatherData.json */ = {isa = PBXFileReference; lastKnownFileType = text.json; path = weatherData.json; sourceTree = "<group>"; };
		3467F6B528580BCE00BF4378 /* LocationManager.swift */ = {isa = PBXFileReference; lastKnownFileType = sourcecode.swift; path = LocationManager.swift; sourceTree = "<group>"; };
		34DD320328596B1900D32FE5 /* Extensions.swift */ = {isa = PBXFileReference; lastKnownFileType = sourcecode.swift; path = Extensions.swift; sourceTree = "<group>"; };
		D0778CC12857BAAF0083A425 /* newStart.app */ = {isa = PBXFileReference; explicitFileType = wrapper.application; includeInIndex = 0; path = newStart.app; sourceTree = BUILT_PRODUCTS_DIR; };
		D0778CC42857BAAF0083A425 /* newStartApp.swift */ = {isa = PBXFileReference; lastKnownFileType = sourcecode.swift; path = newStartApp.swift; sourceTree = "<group>"; };
		D0778CC62857BAAF0083A425 /* ContentView.swift */ = {isa = PBXFileReference; lastKnownFileType = sourcecode.swift; path = ContentView.swift; sourceTree = "<group>"; };
		D0778CC82857BAB00083A425 /* Assets.xcassets */ = {isa = PBXFileReference; lastKnownFileType = folder.assetcatalog; path = Assets.xcassets; sourceTree = "<group>"; };
		D0778CCB2857BAB00083A425 /* Preview Assets.xcassets */ = {isa = PBXFileReference; lastKnownFileType = folder.assetcatalog; path = "Preview Assets.xcassets"; sourceTree = "<group>"; };
		D0778CD12857BAB00083A425 /* newStartTests.xctest */ = {isa = PBXFileReference; explicitFileType = wrapper.cfbundle; includeInIndex = 0; path = newStartTests.xctest; sourceTree = BUILT_PRODUCTS_DIR; };
		D0778CD52857BAB00083A425 /* newStartTests.swift */ = {isa = PBXFileReference; lastKnownFileType = sourcecode.swift; path = newStartTests.swift; sourceTree = "<group>"; };
		D0778CDB2857BAB00083A425 /* newStartUITests.xctest */ = {isa = PBXFileReference; explicitFileType = wrapper.cfbundle; includeInIndex = 0; path = newStartUITests.xctest; sourceTree = BUILT_PRODUCTS_DIR; };
		D0778CDF2857BAB00083A425 /* newStartUITests.swift */ = {isa = PBXFileReference; lastKnownFileType = sourcecode.swift; path = newStartUITests.swift; sourceTree = "<group>"; };
		D0778CE12857BAB00083A425 /* newStartUITestsLaunchTests.swift */ = {isa = PBXFileReference; lastKnownFileType = sourcecode.swift; path = newStartUITestsLaunchTests.swift; sourceTree = "<group>"; };
/* End PBXFileReference section */

/* Begin PBXFrameworksBuildPhase section */
		D0778CBE2857BAAF0083A425 /* Frameworks */ = {
			isa = PBXFrameworksBuildPhase;
			buildActionMask = 2147483647;
			files = (
			);
			runOnlyForDeploymentPostprocessing = 0;
		};
		D0778CCE2857BAB00083A425 /* Frameworks */ = {
			isa = PBXFrameworksBuildPhase;
			buildActionMask = 2147483647;
			files = (
			);
			runOnlyForDeploymentPostprocessing = 0;
		};
		D0778CD82857BAB00083A425 /* Frameworks */ = {
			isa = PBXFrameworksBuildPhase;
			buildActionMask = 2147483647;
			files = (
			);
			runOnlyForDeploymentPostprocessing = 0;
		};
/* End PBXFrameworksBuildPhase section */

/* Begin PBXGroup section */
		345A22622858143700BFDE4E /* Views */ = {
			isa = PBXGroup;
			children = (
				345A22632858145B00BFDE4E /* WelcomeView.swift */,
				345A226528581B5500BFDE4E /* LoadingView.swift */,
				345A226928595F0100BFDE4E /* WeatherView.swift */,
			);
			path = Views;
			sourceTree = "<group>";
		};
		3467F6B428580B8900BF4378 /* Managers */ = {
			isa = PBXGroup;
			children = (
				3467F6B528580BCE00BF4378 /* LocationManager.swift */,
				345A2267285949C500BFDE4E /* WeatherManager.swift */,
			);
			path = Managers;
			sourceTree = "<group>";
		};
		D0778CB82857BAAF0083A425 = {
			isa = PBXGroup;
			children = (
				D0778CC32857BAAF0083A425 /* newStart */,
				D0778CD42857BAB00083A425 /* newStartTests */,
				D0778CDE2857BAB00083A425 /* newStartUITests */,
				D0778CC22857BAAF0083A425 /* Products */,
			);
			sourceTree = "<group>";
		};
		D0778CC22857BAAF0083A425 /* Products */ = {
			isa = PBXGroup;
			children = (
				D0778CC12857BAAF0083A425 /* newStart.app */,
				D0778CD12857BAB00083A425 /* newStartTests.xctest */,
				D0778CDB2857BAB00083A425 /* newStartUITests.xctest */,
			);
			name = Products;
			sourceTree = "<group>";
		};
		D0778CC32857BAAF0083A425 /* newStart */ = {
			isa = PBXGroup;
			children = (
				345A22622858143700BFDE4E /* Views */,
				D0778CC42857BAAF0083A425 /* newStartApp.swift */,
				D0778CC62857BAAF0083A425 /* ContentView.swift */,
				3467F6B428580B8900BF4378 /* Managers */,
				D0778CC82857BAB00083A425 /* Assets.xcassets */,
				D0778CCA2857BAB00083A425 /* Preview Content */,
				34DD320328596B1900D32FE5 /* Extensions.swift */,
			);
			path = newStart;
			sourceTree = "<group>";
		};
		D0778CCA2857BAB00083A425 /* Preview Content */ = {
			isa = PBXGroup;
			children = (
				D0778CCB2857BAB00083A425 /* Preview Assets.xcassets */,
				345A226B28595F9500BFDE4E /* ModelData.swift */,
				345A226D2859608800BFDE4E /* weatherData.json */,
			);
			path = "Preview Content";
			sourceTree = "<group>";
		};
		D0778CD42857BAB00083A425 /* newStartTests */ = {
			isa = PBXGroup;
			children = (
				D0778CD52857BAB00083A425 /* newStartTests.swift */,
			);
			path = newStartTests;
			sourceTree = "<group>";
		};
		D0778CDE2857BAB00083A425 /* newStartUITests */ = {
			isa = PBXGroup;
			children = (
				D0778CDF2857BAB00083A425 /* newStartUITests.swift */,
				D0778CE12857BAB00083A425 /* newStartUITestsLaunchTests.swift */,
			);
			path = newStartUITests;
			sourceTree = "<group>";
		};
/* End PBXGroup section */

/* Begin PBXNativeTarget section */
		D0778CC02857BAAF0083A425 /* newStart */ = {
			isa = PBXNativeTarget;
			buildConfigurationList = D0778CE52857BAB00083A425 /* Build configuration list for PBXNativeTarget "newStart" */;
			buildPhases = (
				D0778CBD2857BAAF0083A425 /* Sources */,
				D0778CBE2857BAAF0083A425 /* Frameworks */,
				D0778CBF2857BAAF0083A425 /* Resources */,
			);
			buildRules = (
			);
			dependencies = (
			);
			name = newStart;
			productName = newStart;
			productReference = D0778CC12857BAAF0083A425 /* newStart.app */;
			productType = "com.apple.product-type.application";
		};
		D0778CD02857BAB00083A425 /* newStartTests */ = {
			isa = PBXNativeTarget;
			buildConfigurationList = D0778CE82857BAB00083A425 /* Build configuration list for PBXNativeTarget "newStartTests" */;
			buildPhases = (
				D0778CCD2857BAB00083A425 /* Sources */,
				D0778CCE2857BAB00083A425 /* Frameworks */,
				D0778CCF2857BAB00083A425 /* Resources */,
			);
			buildRules = (
			);
			dependencies = (
				D0778CD32857BAB00083A425 /* PBXTargetDependency */,
			);
			name = newStartTests;
			productName = newStartTests;
			productReference = D0778CD12857BAB00083A425 /* newStartTests.xctest */;
			productType = "com.apple.product-type.bundle.unit-test";
		};
		D0778CDA2857BAB00083A425 /* newStartUITests */ = {
			isa = PBXNativeTarget;
			buildConfigurationList = D0778CEB2857BAB00083A425 /* Build configuration list for PBXNativeTarget "newStartUITests" */;
			buildPhases = (
				D0778CD72857BAB00083A425 /* Sources */,
				D0778CD82857BAB00083A425 /* Frameworks */,
				D0778CD92857BAB00083A425 /* Resources */,
			);
			buildRules = (
			);
			dependencies = (
				D0778CDD2857BAB00083A425 /* PBXTargetDependency */,
			);
			name = newStartUITests;
			productName = newStartUITests;
			productReference = D0778CDB2857BAB00083A425 /* newStartUITests.xctest */;
			productType = "com.apple.product-type.bundle.ui-testing";
		};
/* End PBXNativeTarget section */

/* Begin PBXProject section */
		D0778CB92857BAAF0083A425 /* Project object */ = {
			isa = PBXProject;
			attributes = {
				BuildIndependentTargetsInParallel = 1;
				LastSwiftUpdateCheck = 1340;
				LastUpgradeCheck = 1340;
				TargetAttributes = {
					D0778CC02857BAAF0083A425 = {
						CreatedOnToolsVersion = 13.4.1;
					};
					D0778CD02857BAB00083A425 = {
						CreatedOnToolsVersion = 13.4.1;
						TestTargetID = D0778CC02857BAAF0083A425;
					};
					D0778CDA2857BAB00083A425 = {
						CreatedOnToolsVersion = 13.4.1;
						TestTargetID = D0778CC02857BAAF0083A425;
					};
				};
			};
			buildConfigurationList = D0778CBC2857BAAF0083A425 /* Build configuration list for PBXProject "newStart" */;
			compatibilityVersion = "Xcode 13.0";
			developmentRegion = en;
			hasScannedForEncodings = 0;
			knownRegions = (
				en,
				Base,
			);
			mainGroup = D0778CB82857BAAF0083A425;
			productRefGroup = D0778CC22857BAAF0083A425 /* Products */;
			projectDirPath = "";
			projectRoot = "";
			targets = (
				D0778CC02857BAAF0083A425 /* newStart */,
				D0778CD02857BAB00083A425 /* newStartTests */,
				D0778CDA2857BAB00083A425 /* newStartUITests */,
			);
		};
/* End PBXProject section */

/* Begin PBXResourcesBuildPhase section */
		D0778CBF2857BAAF0083A425 /* Resources */ = {
			isa = PBXResourcesBuildPhase;
			buildActionMask = 2147483647;
			files = (
				D0778CCC2857BAB00083A425 /* Preview Assets.xcassets in Resources */,
				345A226E2859608800BFDE4E /* weatherData.json in Resources */,
				D0778CC92857BAB00083A425 /* Assets.xcassets in Resources */,
			);
			runOnlyForDeploymentPostprocessing = 0;
		};
		D0778CCF2857BAB00083A425 /* Resources */ = {
			isa = PBXResourcesBuildPhase;
			buildActionMask = 2147483647;
			files = (
			);
			runOnlyForDeploymentPostprocessing = 0;
		};
		D0778CD92857BAB00083A425 /* Resources */ = {
			isa = PBXResourcesBuildPhase;
			buildActionMask = 2147483647;
			files = (
			);
			runOnlyForDeploymentPostprocessing = 0;
		};
/* End PBXResourcesBuildPhase section */

/* Begin PBXSourcesBuildPhase section */
		D0778CBD2857BAAF0083A425 /* Sources */ = {
			isa = PBXSourcesBuildPhase;
			buildActionMask = 2147483647;
			files = (
				345A2268285949C500BFDE4E /* WeatherManager.swift in Sources */,
				34DD320428596B1900D32FE5 /* Extensions.swift in Sources */,
				D0778CC72857BAAF0083A425 /* ContentView.swift in Sources */,
				D0778CC52857BAAF0083A425 /* newStartApp.swift in Sources */,
				3467F6B628580BCE00BF4378 /* LocationManager.swift in Sources */,
				345A226628581B5500BFDE4E /* LoadingView.swift in Sources */,
				345A226C28595F9500BFDE4E /* ModelData.swift in Sources */,
				345A226A28595F0100BFDE4E /* WeatherView.swift in Sources */,
				345A22642858145B00BFDE4E /* WelcomeView.swift in Sources */,
			);
			runOnlyForDeploymentPostprocessing = 0;
		};
		D0778CCD2857BAB00083A425 /* Sources */ = {
			isa = PBXSourcesBuildPhase;
			buildActionMask = 2147483647;
			files = (
				D0778CD62857BAB00083A425 /* newStartTests.swift in Sources */,
			);
			runOnlyForDeploymentPostprocessing = 0;
		};
		D0778CD72857BAB00083A425 /* Sources */ = {
			isa = PBXSourcesBuildPhase;
			buildActionMask = 2147483647;
			files = (
				D0778CE22857BAB00083A425 /* newStartUITestsLaunchTests.swift in Sources */,
				D0778CE02857BAB00083A425 /* newStartUITests.swift in Sources */,
			);
			runOnlyForDeploymentPostprocessing = 0;
		};
/* End PBXSourcesBuildPhase section */

/* Begin PBXTargetDependency section */
		D0778CD32857BAB00083A425 /* PBXTargetDependency */ = {
			isa = PBXTargetDependency;
			target = D0778CC02857BAAF0083A425 /* newStart */;
			targetProxy = D0778CD22857BAB00083A425 /* PBXContainerItemProxy */;
		};
		D0778CDD2857BAB00083A425 /* PBXTargetDependency */ = {
			isa = PBXTargetDependency;
			target = D0778CC02857BAAF0083A425 /* newStart */;
			targetProxy = D0778CDC2857BAB00083A425 /* PBXContainerItemProxy */;
		};
/* End PBXTargetDependency section */

/* Begin XCBuildConfiguration section */
		D0778CE32857BAB00083A425 /* Debug */ = {
			isa = XCBuildConfiguration;
			buildSettings = {
				ALWAYS_SEARCH_USER_PATHS = NO;
				CLANG_ANALYZER_NONNULL = YES;
				CLANG_ANALYZER_NUMBER_OBJECT_CONVERSION = YES_AGGRESSIVE;
				CLANG_CXX_LANGUAGE_STANDARD = "gnu++17";
				CLANG_ENABLE_MODULES = YES;
				CLANG_ENABLE_OBJC_ARC = YES;
				CLANG_ENABLE_OBJC_WEAK = YES;
				CLANG_WARN_BLOCK_CAPTURE_AUTORELEASING = YES;
				CLANG_WARN_BOOL_CONVERSION = YES;
				CLANG_WARN_COMMA = YES;
				CLANG_WARN_CONSTANT_CONVERSION = YES;
				CLANG_WARN_DEPRECATED_OBJC_IMPLEMENTATIONS = YES;
				CLANG_WARN_DIRECT_OBJC_ISA_USAGE = YES_ERROR;
				CLANG_WARN_DOCUMENTATION_COMMENTS = YES;
				CLANG_WARN_EMPTY_BODY = YES;
				CLANG_WARN_ENUM_CONVERSION = YES;
				CLANG_WARN_INFINITE_RECURSION = YES;
				CLANG_WARN_INT_CONVERSION = YES;
				CLANG_WARN_NON_LITERAL_NULL_CONVERSION = YES;
				CLANG_WARN_OBJC_IMPLICIT_RETAIN_SELF = YES;
				CLANG_WARN_OBJC_LITERAL_CONVERSION = YES;
				CLANG_WARN_OBJC_ROOT_CLASS = YES_ERROR;
				CLANG_WARN_QUOTED_INCLUDE_IN_FRAMEWORK_HEADER = YES;
				CLANG_WARN_RANGE_LOOP_ANALYSIS = YES;
				CLANG_WARN_STRICT_PROTOTYPES = YES;
				CLANG_WARN_SUSPICIOUS_MOVE = YES;
				CLANG_WARN_UNGUARDED_AVAILABILITY = YES_AGGRESSIVE;
				CLANG_WARN_UNREACHABLE_CODE = YES;
				CLANG_WARN__DUPLICATE_METHOD_MATCH = YES;
				COPY_PHASE_STRIP = NO;
				DEBUG_INFORMATION_FORMAT = dwarf;
				ENABLE_STRICT_OBJC_MSGSEND = YES;
				ENABLE_TESTABILITY = YES;
				GCC_C_LANGUAGE_STANDARD = gnu11;
				GCC_DYNAMIC_NO_PIC = NO;
				GCC_NO_COMMON_BLOCKS = YES;
				GCC_OPTIMIZATION_LEVEL = 0;
				GCC_PREPROCESSOR_DEFINITIONS = (
					"DEBUG=1",
					"$(inherited)",
				);
				GCC_WARN_64_TO_32_BIT_CONVERSION = YES;
				GCC_WARN_ABOUT_RETURN_TYPE = YES_ERROR;
				GCC_WARN_UNDECLARED_SELECTOR = YES;
				GCC_WARN_UNINITIALIZED_AUTOS = YES_AGGRESSIVE;
				GCC_WARN_UNUSED_FUNCTION = YES;
				GCC_WARN_UNUSED_VARIABLE = YES;
				IPHONEOS_DEPLOYMENT_TARGET = 15.5;
				MTL_ENABLE_DEBUG_INFO = INCLUDE_SOURCE;
				MTL_FAST_MATH = YES;
				ONLY_ACTIVE_ARCH = YES;
				SDKROOT = iphoneos;
				SWIFT_ACTIVE_COMPILATION_CONDITIONS = DEBUG;
				SWIFT_OPTIMIZATION_LEVEL = "-Onone";
			};
			name = Debug;
		};
		D0778CE42857BAB00083A425 /* Release */ = {
			isa = XCBuildConfiguration;
			buildSettings = {
				ALWAYS_SEARCH_USER_PATHS = NO;
				CLANG_ANALYZER_NONNULL = YES;
				CLANG_ANALYZER_NUMBER_OBJECT_CONVERSION = YES_AGGRESSIVE;
				CLANG_CXX_LANGUAGE_STANDARD = "gnu++17";
				CLANG_ENABLE_MODULES = YES;
				CLANG_ENABLE_OBJC_ARC = YES;
				CLANG_ENABLE_OBJC_WEAK = YES;
				CLANG_WARN_BLOCK_CAPTURE_AUTORELEASING = YES;
				CLANG_WARN_BOOL_CONVERSION = YES;
				CLANG_WARN_COMMA = YES;
				CLANG_WARN_CONSTANT_CONVERSION = YES;
				CLANG_WARN_DEPRECATED_OBJC_IMPLEMENTATIONS = YES;
				CLANG_WARN_DIRECT_OBJC_ISA_USAGE = YES_ERROR;
				CLANG_WARN_DOCUMENTATION_COMMENTS = YES;
				CLANG_WARN_EMPTY_BODY = YES;
				CLANG_WARN_ENUM_CONVERSION = YES;
				CLANG_WARN_INFINITE_RECURSION = YES;
				CLANG_WARN_INT_CONVERSION = YES;
				CLANG_WARN_NON_LITERAL_NULL_CONVERSION = YES;
				CLANG_WARN_OBJC_IMPLICIT_RETAIN_SELF = YES;
				CLANG_WARN_OBJC_LITERAL_CONVERSION = YES;
				CLANG_WARN_OBJC_ROOT_CLASS = YES_ERROR;
				CLANG_WARN_QUOTED_INCLUDE_IN_FRAMEWORK_HEADER = YES;
				CLANG_WARN_RANGE_LOOP_ANALYSIS = YES;
				CLANG_WARN_STRICT_PROTOTYPES = YES;
				CLANG_WARN_SUSPICIOUS_MOVE = YES;
				CLANG_WARN_UNGUARDED_AVAILABILITY = YES_AGGRESSIVE;
				CLANG_WARN_UNREACHABLE_CODE = YES;
				CLANG_WARN__DUPLICATE_METHOD_MATCH = YES;
				COPY_PHASE_STRIP = NO;
				DEBUG_INFORMATION_FORMAT = "dwarf-with-dsym";
				ENABLE_NS_ASSERTIONS = NO;
				ENABLE_STRICT_OBJC_MSGSEND = YES;
				GCC_C_LANGUAGE_STANDARD = gnu11;
				GCC_NO_COMMON_BLOCKS = YES;
				GCC_WARN_64_TO_32_BIT_CONVERSION = YES;
				GCC_WARN_ABOUT_RETURN_TYPE = YES_ERROR;
				GCC_WARN_UNDECLARED_SELECTOR = YES;
				GCC_WARN_UNINITIALIZED_AUTOS = YES_AGGRESSIVE;
				GCC_WARN_UNUSED_FUNCTION = YES;
				GCC_WARN_UNUSED_VARIABLE = YES;
				IPHONEOS_DEPLOYMENT_TARGET = 15.5;
				MTL_ENABLE_DEBUG_INFO = NO;
				MTL_FAST_MATH = YES;
				SDKROOT = iphoneos;
				SWIFT_COMPILATION_MODE = wholemodule;
				SWIFT_OPTIMIZATION_LEVEL = "-O";
				VALIDATE_PRODUCT = YES;
			};
			name = Release;
		};
		D0778CE62857BAB00083A425 /* Debug */ = {
			isa = XCBuildConfiguration;
			buildSettings = {
				ASSETCATALOG_COMPILER_APPICON_NAME = AppIcon;
				ASSETCATALOG_COMPILER_GLOBAL_ACCENT_COLOR_NAME = AccentColor;
				CODE_SIGN_STYLE = Automatic;
				CURRENT_PROJECT_VERSION = 1;
				DEVELOPMENT_ASSET_PATHS = "\"newStart/Preview Content\"";
				DEVELOPMENT_TEAM = 83ZL43FV3S;
				ENABLE_PREVIEWS = YES;
				GENERATE_INFOPLIST_FILE = YES;
				INFOPLIST_KEY_UIApplicationSceneManifest_Generation = YES;
				INFOPLIST_KEY_UIApplicationSupportsIndirectInputEvents = YES;
				INFOPLIST_KEY_UILaunchScreen_Generation = YES;
				INFOPLIST_KEY_UISupportedInterfaceOrientations_iPad = "UIInterfaceOrientationPortrait UIInterfaceOrientationPortraitUpsideDown UIInterfaceOrientationLandscapeLeft UIInterfaceOrientationLandscapeRight";
				INFOPLIST_KEY_UISupportedInterfaceOrientations_iPhone = "UIInterfaceOrientationPortrait UIInterfaceOrientationLandscapeLeft UIInterfaceOrientationLandscapeRight";
				LD_RUNPATH_SEARCH_PATHS = (
					"$(inherited)",
					"@executable_path/Frameworks",
				);
				MARKETING_VERSION = 1.0;
				PRODUCT_BUNDLE_IDENTIFIER = Duffer.newStart;
				PRODUCT_NAME = "$(TARGET_NAME)";
				SWIFT_EMIT_LOC_STRINGS = YES;
				SWIFT_VERSION = 5.0;
				TARGETED_DEVICE_FAMILY = "1,2";
			};
			name = Debug;
		};
		D0778CE72857BAB00083A425 /* Release */ = {
			isa = XCBuildConfiguration;
			buildSettings = {
				ASSETCATALOG_COMPILER_APPICON_NAME = AppIcon;
				ASSETCATALOG_COMPILER_GLOBAL_ACCENT_COLOR_NAME = AccentColor;
				CODE_SIGN_STYLE = Automatic;
				CURRENT_PROJECT_VERSION = 1;
				DEVELOPMENT_ASSET_PATHS = "\"newStart/Preview Content\"";
				DEVELOPMENT_TEAM = 83ZL43FV3S;
				ENABLE_PREVIEWS = YES;
				GENERATE_INFOPLIST_FILE = YES;
				INFOPLIST_KEY_UIApplicationSceneManifest_Generation = YES;
				INFOPLIST_KEY_UIApplicationSupportsIndirectInputEvents = YES;
				INFOPLIST_KEY_UILaunchScreen_Generation = YES;
				INFOPLIST_KEY_UISupportedInterfaceOrientations_iPad = "UIInterfaceOrientationPortrait UIInterfaceOrientationPortraitUpsideDown UIInterfaceOrientationLandscapeLeft UIInterfaceOrientationLandscapeRight";
				INFOPLIST_KEY_UISupportedInterfaceOrientations_iPhone = "UIInterfaceOrientationPortrait UIInterfaceOrientationLandscapeLeft UIInterfaceOrientationLandscapeRight";
				LD_RUNPATH_SEARCH_PATHS = (
					"$(inherited)",
					"@executable_path/Frameworks",
				);
				MARKETING_VERSION = 1.0;
				PRODUCT_BUNDLE_IDENTIFIER = Duffer.newStart;
				PRODUCT_NAME = "$(TARGET_NAME)";
				SWIFT_EMIT_LOC_STRINGS = YES;
				SWIFT_VERSION = 5.0;
				TARGETED_DEVICE_FAMILY = "1,2";
			};
			name = Release;
		};
		D0778CE92857BAB00083A425 /* Debug */ = {
			isa = XCBuildConfiguration;
			buildSettings = {
				ALWAYS_EMBED_SWIFT_STANDARD_LIBRARIES = YES;
				BUNDLE_LOADER = "$(TEST_HOST)";
				CODE_SIGN_STYLE = Automatic;
				CURRENT_PROJECT_VERSION = 1;
				DEVELOPMENT_TEAM = 83ZL43FV3S;
				GENERATE_INFOPLIST_FILE = YES;
				IPHONEOS_DEPLOYMENT_TARGET = 15.5;
				MARKETING_VERSION = 1.0;
				PRODUCT_BUNDLE_IDENTIFIER = Duffer.newStartTests;
				PRODUCT_NAME = "$(TARGET_NAME)";
				SWIFT_EMIT_LOC_STRINGS = NO;
				SWIFT_VERSION = 5.0;
				TARGETED_DEVICE_FAMILY = "1,2";
				TEST_HOST = "$(BUILT_PRODUCTS_DIR)/newStart.app/newStart";
			};
			name = Debug;
		};
		D0778CEA2857BAB00083A425 /* Release */ = {
			isa = XCBuildConfiguration;
			buildSettings = {
				ALWAYS_EMBED_SWIFT_STANDARD_LIBRARIES = YES;
				BUNDLE_LOADER = "$(TEST_HOST)";
				CODE_SIGN_STYLE = Automatic;
				CURRENT_PROJECT_VERSION = 1;
				DEVELOPMENT_TEAM = 83ZL43FV3S;
				GENERATE_INFOPLIST_FILE = YES;
				IPHONEOS_DEPLOYMENT_TARGET = 15.5;
				MARKETING_VERSION = 1.0;
				PRODUCT_BUNDLE_IDENTIFIER = Duffer.newStartTests;
				PRODUCT_NAME = "$(TARGET_NAME)";
				SWIFT_EMIT_LOC_STRINGS = NO;
				SWIFT_VERSION = 5.0;
				TARGETED_DEVICE_FAMILY = "1,2";
				TEST_HOST = "$(BUILT_PRODUCTS_DIR)/newStart.app/newStart";
			};
			name = Release;
		};
		D0778CEC2857BAB00083A425 /* Debug */ = {
			isa = XCBuildConfiguration;
			buildSettings = {
				ALWAYS_EMBED_SWIFT_STANDARD_LIBRARIES = YES;
				CODE_SIGN_STYLE = Automatic;
				CURRENT_PROJECT_VERSION = 1;
				DEVELOPMENT_TEAM = 83ZL43FV3S;
				GENERATE_INFOPLIST_FILE = YES;
				MARKETING_VERSION = 1.0;
				PRODUCT_BUNDLE_IDENTIFIER = Duffer.newStartUITests;
				PRODUCT_NAME = "$(TARGET_NAME)";
				SWIFT_EMIT_LOC_STRINGS = NO;
				SWIFT_VERSION = 5.0;
				TARGETED_DEVICE_FAMILY = "1,2";
				TEST_TARGET_NAME = newStart;
			};
			name = Debug;
		};
		D0778CED2857BAB00083A425 /* Release */ = {
			isa = XCBuildConfiguration;
			buildSettings = {
				ALWAYS_EMBED_SWIFT_STANDARD_LIBRARIES = YES;
				CODE_SIGN_STYLE = Automatic;
				CURRENT_PROJECT_VERSION = 1;
				DEVELOPMENT_TEAM = 83ZL43FV3S;
				GENERATE_INFOPLIST_FILE = YES;
				MARKETING_VERSION = 1.0;
				PRODUCT_BUNDLE_IDENTIFIER = Duffer.newStartUITests;
				PRODUCT_NAME = "$(TARGET_NAME)";
				SWIFT_EMIT_LOC_STRINGS = NO;
				SWIFT_VERSION = 5.0;
				TARGETED_DEVICE_FAMILY = "1,2";
				TEST_TARGET_NAME = newStart;
			};
			name = Release;
		};
/* End XCBuildConfiguration section */

/* Begin XCConfigurationList section */
		D0778CBC2857BAAF0083A425 /* Build configuration list for PBXProject "newStart" */ = {
			isa = XCConfigurationList;
			buildConfigurations = (
				D0778CE32857BAB00083A425 /* Debug */,
				D0778CE42857BAB00083A425 /* Release */,
			);
			defaultConfigurationIsVisible = 0;
			defaultConfigurationName = Release;
		};
		D0778CE52857BAB00083A425 /* Build configuration list for PBXNativeTarget "newStart" */ = {
			isa = XCConfigurationList;
			buildConfigurations = (
				D0778CE62857BAB00083A425 /* Debug */,
				D0778CE72857BAB00083A425 /* Release */,
			);
			defaultConfigurationIsVisible = 0;
			defaultConfigurationName = Release;
		};
		D0778CE82857BAB00083A425 /* Build configuration list for PBXNativeTarget "newStartTests" */ = {
			isa = XCConfigurationList;
			buildConfigurations = (
				D0778CE92857BAB00083A425 /* Debug */,
				D0778CEA2857BAB00083A425 /* Release */,
			);
			defaultConfigurationIsVisible = 0;
			defaultConfigurationName = Release;
		};
		D0778CEB2857BAB00083A425 /* Build configuration list for PBXNativeTarget "newStartUITests" */ = {
			isa = XCConfigurationList;
			buildConfigurations = (
				D0778CEC2857BAB00083A425 /* Debug */,
				D0778CED2857BAB00083A425 /* Release */,
			);
			defaultConfigurationIsVisible = 0;
			defaultConfigurationName = Release;
		};
/* End XCConfigurationList section */
	};
	rootObject = D0778CB92857BAAF0083A425 /* Project object */;
}
